
Microsoft Visual Studio Solution File, Format Version 12.00
# Visual Studio Version 17
VisualStudioVersion = 17.6.33815.320
MinimumVisualStudioVersion = 10.0.40219.1
Project("{FAE04EC0-301F-11D3-BF4B-00C04F79EFBC}") = "Structs 1.3", "Structs 1.3.csproj", "{D321D530-87B8-4FD0-A334-AA770DA13739}"
EndProject
Global
	GlobalSection(SolutionConfigurationPlatforms) = preSolution
		Debug|Any CPU = Debug|Any CPU
		Release|Any CPU = Release|Any CPU
	EndGlobalSection
	GlobalSection(ProjectConfigurationPlatforms) = postSolution
		{D321D530-87B8-4FD0-A334-AA770DA13739}.Debug|Any CPU.ActiveCfg = Debug|Any CPU
		{D321D530-87B8-4FD0-A334-AA770DA13739}.Debug|Any CPU.Build.0 = Debug|Any CPU
		{D321D530-87B8-4FD0-A334-AA770DA13739}.Release|Any CPU.ActiveCfg = Release|Any CPU
		{D321D530-87B8-4FD0-A334-AA770DA13739}.Release|Any CPU.Build.0 = Release|Any CPU
	EndGlobalSection
	GlobalSection(SolutionProperties) = preSolution
		HideSolutionNode = FALSE
	EndGlobalSection
	GlobalSection(ExtensibilityGlobals) = postSolution
		SolutionGuid = {1A84CD37-A4EE-4A83-A9F1-BD62B7D61FC7}
	EndGlobalSection
EndGlobal
